// !$*UTF8*$!
{
	archiveVersion = 1;
	classes = {
	};
	objectVersion = 46;
	objects = {

/* Begin PBXBuildFile section */
		35185A6E1B13719F00D6503A /* search-icon.png in Resources */ = {isa = PBXBuildFile; fileRef = 35185A6D1B13719F00D6503A /* search-icon.png */; };
		354670DC1B08E1150016229C /* AddressBook.framework in Frameworks */ = {isa = PBXBuildFile; fileRef = 354670DB1B08E1150016229C /* AddressBook.framework */; };
		354670DE1B08E11D0016229C /* AssetsLibrary.framework in Frameworks */ = {isa = PBXBuildFile; fileRef = 354670DD1B08E11D0016229C /* AssetsLibrary.framework */; };
		354670E01B08E1250016229C /* Foundation.framework in Frameworks */ = {isa = PBXBuildFile; fileRef = 354670DF1B08E1250016229C /* Foundation.framework */; };
		354670E51B08E1400016229C /* CoreGraphics.framework in Frameworks */ = {isa = PBXBuildFile; fileRef = 354670E11B08E1400016229C /* CoreGraphics.framework */; };
		354670E61B08E1400016229C /* CoreLocation.framework in Frameworks */ = {isa = PBXBuildFile; fileRef = 354670E21B08E1400016229C /* CoreLocation.framework */; };
		354670E71B08E1400016229C /* CoreMotion.framework in Frameworks */ = {isa = PBXBuildFile; fileRef = 354670E31B08E1400016229C /* CoreMotion.framework */; };
		354670E81B08E1400016229C /* CoreText.framework in Frameworks */ = {isa = PBXBuildFile; fileRef = 354670E41B08E1400016229C /* CoreText.framework */; };
		354670EC1B08E1510016229C /* Security.framework in Frameworks */ = {isa = PBXBuildFile; fileRef = 354670EB1B08E1510016229C /* Security.framework */; };
		354670EE1B08E15B0016229C /* SystemConfiguration.framework in Frameworks */ = {isa = PBXBuildFile; fileRef = 354670ED1B08E15B0016229C /* SystemConfiguration.framework */; };
		354670F01B08E1600016229C /* UIKit.framework in Frameworks */ = {isa = PBXBuildFile; fileRef = 354670EF1B08E1600016229C /* UIKit.framework */; };
		35486D8C1B13249900DC51D2 /* MediaPlayer.framework in Frameworks */ = {isa = PBXBuildFile; fileRef = 354670E91B08E14C0016229C /* MediaPlayer.framework */; };
		35486D8E1B132BFB00DC51D2 /* QuartzCore.framework in Frameworks */ = {isa = PBXBuildFile; fileRef = 35486D8D1B132BFB00DC51D2 /* QuartzCore.framework */; };
		35486D901B132C1300DC51D2 /* anim.jpg in Resources */ = {isa = PBXBuildFile; fileRef = 35486D8F1B132C1300DC51D2 /* anim.jpg */; };
		3559BA821B064EB30040DCB6 /* SearchViewController.m in Sources */ = {isa = PBXBuildFile; fileRef = 3559BA811B064EB30040DCB6 /* SearchViewController.m */; };
		3559BA851B064F6F0040DCB6 /* OperationFood.png in Resources */ = {isa = PBXBuildFile; fileRef = 3559BA841B064F6F0040DCB6 /* OperationFood.png */; };
		3563A6831B174F8E00EFB608 /* image1.jpg in Resources */ = {isa = PBXBuildFile; fileRef = 3563A6821B174F8E00EFB608 /* image1.jpg */; };
		3563A6851B174FC000EFB608 /* 3.png in Resources */ = {isa = PBXBuildFile; fileRef = 3563A6841B174FC000EFB608 /* 3.png */; };
		3563A6871B174FD500EFB608 /* anim2.png in Resources */ = {isa = PBXBuildFile; fileRef = 3563A6861B174FD500EFB608 /* anim2.png */; };
		357A58F31AFFDF3C0094B0AC /* main.m in Sources */ = {isa = PBXBuildFile; fileRef = 357A58F21AFFDF3C0094B0AC /* main.m */; };
		357A58F61AFFDF3C0094B0AC /* AppDelegate.m in Sources */ = {isa = PBXBuildFile; fileRef = 357A58F51AFFDF3C0094B0AC /* AppDelegate.m */; };
		357A59011AFFDF3C0094B0AC /* Images.xcassets in Resources */ = {isa = PBXBuildFile; fileRef = 357A59001AFFDF3C0094B0AC /* Images.xcassets */; };
		357A59041AFFDF3C0094B0AC /* LaunchScreen.xib in Resources */ = {isa = PBXBuildFile; fileRef = 357A59021AFFDF3C0094B0AC /* LaunchScreen.xib */; };
		357A59101AFFDF3D0094B0AC /* iFridgeTests.m in Sources */ = {isa = PBXBuildFile; fileRef = 357A590F1AFFDF3D0094B0AC /* iFridgeTests.m */; };
		3584A22D1B19E00400D21AF8 /* RegExCategories.m in Sources */ = {isa = PBXBuildFile; fileRef = 3584A22C1B19E00400D21AF8 /* RegExCategories.m */; };
		3584A2301B19F99800D21AF8 /* iCarousel.m in Sources */ = {isa = PBXBuildFile; fileRef = 3584A22F1B19F99800D21AF8 /* iCarousel.m */; };
		3584A2341B1A040B00D21AF8 /* FacebookSDK.framework in Frameworks */ = {isa = PBXBuildFile; fileRef = 3584A2331B1A040A00D21AF8 /* FacebookSDK.framework */; };
		359709671B04E9D3005064C0 /* RecipesTVC.m in Sources */ = {isa = PBXBuildFile; fileRef = 359709661B04E9D3005064C0 /* RecipesTVC.m */; };
		3597096F1B04FD98005064C0 /* RecipesCell.m in Sources */ = {isa = PBXBuildFile; fileRef = 3597096E1B04FD98005064C0 /* RecipesCell.m */; };
		35A487981B023095008F31F3 /* image.jpg in Resources */ = {isa = PBXBuildFile; fileRef = 35A487931B023095008F31F3 /* image.jpg */; };
		35A487991B023095008F31F3 /* note.png in Resources */ = {isa = PBXBuildFile; fileRef = 35A487941B023095008F31F3 /* note.png */; };
		35A4879A1B023095008F31F3 /* fridge.png in Resources */ = {isa = PBXBuildFile; fileRef = 35A487951B023095008F31F3 /* fridge.png */; };
		35A4879B1B023095008F31F3 /* fridge2.jpg in Resources */ = {isa = PBXBuildFile; fileRef = 35A487961B023095008F31F3 /* fridge2.jpg */; };
		35A4879C1B023095008F31F3 /* door.png in Resources */ = {isa = PBXBuildFile; fileRef = 35A487971B023095008F31F3 /* door.png */; };
		35A8704B1B061CD8006343B5 /* RecipeWithImage.m in Sources */ = {isa = PBXBuildFile; fileRef = 35A8704A1B061CD8006343B5 /* RecipeWithImage.m */; };
		35A9D7091B08F16F005EF9BF /* FBSDKCoreKit.framework in Frameworks */ = {isa = PBXBuildFile; fileRef = 35A9D7061B08F16E005EF9BF /* FBSDKCoreKit.framework */; };
		35A9D70A1B08F16F005EF9BF /* FBSDKLoginKit.framework in Frameworks */ = {isa = PBXBuildFile; fileRef = 35A9D7071B08F16E005EF9BF /* FBSDKLoginKit.framework */; };
		35A9D70B1B08F16F005EF9BF /* FBSDKShareKit.framework in Frameworks */ = {isa = PBXBuildFile; fileRef = 35A9D7081B08F16F005EF9BF /* FBSDKShareKit.framework */; };
		35A9D70F1B08F1B7005EF9BF /* GoogleOpenSource.framework in Frameworks */ = {isa = PBXBuildFile; fileRef = 35A9D70C1B08F1B7005EF9BF /* GoogleOpenSource.framework */; };
		35A9D7101B08F1B7005EF9BF /* GooglePlus.bundle in Resources */ = {isa = PBXBuildFile; fileRef = 35A9D70D1B08F1B7005EF9BF /* GooglePlus.bundle */; };
		35A9D7111B08F1B7005EF9BF /* GooglePlus.framework in Frameworks */ = {isa = PBXBuildFile; fileRef = 35A9D70E1B08F1B7005EF9BF /* GooglePlus.framework */; };
		35AFA3451B1C5FC1006013AC /* PopAnimator.m in Sources */ = {isa = PBXBuildFile; fileRef = 35AFA3411B1C5FC1006013AC /* PopAnimator.m */; };
		35AFA3461B1C5FC1006013AC /* PushAnimator.m in Sources */ = {isa = PBXBuildFile; fileRef = 35AFA3421B1C5FC1006013AC /* PushAnimator.m */; };
		35AFA3481B1C7254006013AC /* image22.jpg in Resources */ = {isa = PBXBuildFile; fileRef = 35AFA3471B1C7254006013AC /* image22.jpg */; };
		35AFA34B1B1C7279006013AC /* ReminderTableViewController.m in Sources */ = {isa = PBXBuildFile; fileRef = 35AFA34A1B1C7279006013AC /* ReminderTableViewController.m */; };
		35AFA34D1B1C728F006013AC /* FridgeTableViewController.m in Sources */ = {isa = PBXBuildFile; fileRef = 35AFA34C1B1C728F006013AC /* FridgeTableViewController.m */; };
		35AFA3511B1C7B1B006013AC /* Martz90-Circle-Google-plus.ico in Resources */ = {isa = PBXBuildFile; fileRef = 35AFA34E1B1C7B1B006013AC /* Martz90-Circle-Google-plus.ico */; };
		35AFA3521B1C7B1B006013AC /* download.jpeg in Resources */ = {isa = PBXBuildFile; fileRef = 35AFA34F1B1C7B1B006013AC /* download.jpeg */; };
		35AFA3531B1C7B1B006013AC /* Vk-icon.png in Resources */ = {isa = PBXBuildFile; fileRef = 35AFA3501B1C7B1B006013AC /* Vk-icon.png */; };
		35D022E91B1B1258001A3813 /* Facebook_icon.101114329_std.jpg in Resources */ = {isa = PBXBuildFile; fileRef = 35D022E61B1B1258001A3813 /* Facebook_icon.101114329_std.jpg */; };
		35D022EA1B1B1258001A3813 /* gplus-128.png in Resources */ = {isa = PBXBuildFile; fileRef = 35D022E71B1B1258001A3813 /* gplus-128.png */; };
		35D022EB1B1B1258001A3813 /* google_plus-128.png in Resources */ = {isa = PBXBuildFile; fileRef = 35D022E81B1B1258001A3813 /* google_plus-128.png */; };
		35D022ED1B1B2C51001A3813 /* social_facebook_box_blue.png in Resources */ = {isa = PBXBuildFile; fileRef = 35D022EC1B1B2C51001A3813 /* social_facebook_box_blue.png */; };
		35D022EF1B1B356E001A3813 /* info_information_user_about_card_button_symbol_icon-128.png in Resources */ = {isa = PBXBuildFile; fileRef = 35D022EE1B1B356E001A3813 /* info_information_user_about_card_button_symbol_icon-128.png */; };
		BFEA48281B13475C008F5BEF /* LoadingView.m in Sources */ = {isa = PBXBuildFile; fileRef = BFEA48241B13475C008F5BEF /* LoadingView.m */; };
		BFEA48291B13475C008F5BEF /* LoadingView.xib in Resources */ = {isa = PBXBuildFile; fileRef = BFEA48251B13475C008F5BEF /* LoadingView.xib */; };
		BFEA482A1B13475C008F5BEF /* UIViewController+LoadingView.m in Sources */ = {isa = PBXBuildFile; fileRef = BFEA48271B13475C008F5BEF /* UIViewController+LoadingView.m */; };
		D97245EB1B1612D000735EE0 /* DataDownloader.m in Sources */ = {isa = PBXBuildFile; fileRef = D97245EA1B1612D000735EE0 /* DataDownloader.m */; };
		D992EE2A1B0A339A0093B3F7 /* Fridge.m in Sources */ = {isa = PBXBuildFile; fileRef = D992EE291B0A339A0093B3F7 /* Fridge.m */; };
		D992EE2D1B0A339A0093B3F7 /* Ingredient.m in Sources */ = {isa = PBXBuildFile; fileRef = D992EE2C1B0A339A0093B3F7 /* Ingredient.m */; };
		D992EE331B0A34DA0093B3F7 /* Fridge+Cat.m in Sources */ = {isa = PBXBuildFile; fileRef = D992EE321B0A34DA0093B3F7 /* Fridge+Cat.m */; };
		D992EE3C1B0B54090093B3F7 /* UIViewController+Context.m in Sources */ = {isa = PBXBuildFile; fileRef = D992EE3B1B0B54090093B3F7 /* UIViewController+Context.m */; };
		D992EE441B0B73090093B3F7 /* Recipe.m in Sources */ = {isa = PBXBuildFile; fileRef = D992EE431B0B73090093B3F7 /* Recipe.m */; };
		D992EE4D1B0B9D220093B3F7 /* iFridge.xcdatamodeld in Sources */ = {isa = PBXBuildFile; fileRef = D992EE451B0B9D220093B3F7 /* iFridge.xcdatamodeld */; };
		D992EE4E1B0B9D220093B3F7 /* Ingredient+Cat.m in Sources */ = {isa = PBXBuildFile; fileRef = D992EE481B0B9D220093B3F7 /* Ingredient+Cat.m */; };
		D992EE4F1B0B9D220093B3F7 /* Recipe+Cat.m in Sources */ = {isa = PBXBuildFile; fileRef = D992EE4A1B0B9D220093B3F7 /* Recipe+Cat.m */; };
		D9E1B2121B162F1A002AD39F /* photo-frame.png in Resources */ = {isa = PBXBuildFile; fileRef = D9E1B2111B162F1A002AD39F /* photo-frame.png */; };
		D9E1B2141B172283002AD39F /* Main.storyboard in Resources */ = {isa = PBXBuildFile; fileRef = D9E1B2131B172283002AD39F /* Main.storyboard */; };
		EF56840EE7AA6C558D3C459C /* libPods.a in Frameworks */ = {isa = PBXBuildFile; fileRef = E4825B68449CDFCB0DC868FD /* libPods.a */; };
		F30B139F1B20607400377269 /* twitter-icon.png in Resources */ = {isa = PBXBuildFile; fileRef = F30B139E1B20607400377269 /* twitter-icon.png */; };
		F30B13A11B2060D900377269 /* icon-aa-twitter.png in Resources */ = {isa = PBXBuildFile; fileRef = F30B13A01B2060D900377269 /* icon-aa-twitter.png */; };
		F30B13A61B2060ED00377269 /* icob-aa-face.png in Resources */ = {isa = PBXBuildFile; fileRef = F30B13A21B2060ED00377269 /* icob-aa-face.png */; };
		F30B13A71B2060ED00377269 /* icon-aa-vk.png in Resources */ = {isa = PBXBuildFile; fileRef = F30B13A31B2060ED00377269 /* icon-aa-vk.png */; };
		F30B13A81B2060ED00377269 /* icon-aa-googleplus.png in Resources */ = {isa = PBXBuildFile; fileRef = F30B13A41B2060ED00377269 /* icon-aa-googleplus.png */; };
		F30B13A91B2060ED00377269 /* About Downloads.lpdf in Resources */ = {isa = PBXBuildFile; fileRef = F30B13A51B2060ED00377269 /* About Downloads.lpdf */; };
		F32B380C1B1DC4BC00FCC57F /* EventKit.framework in Frameworks */ = {isa = PBXBuildFile; fileRef = F32B380B1B1DC4BC00FCC57F /* EventKit.framework */; };
		F3948BEC1B137BB300D149D0 /* UIButton+FridgeBlock.m in Sources */ = {isa = PBXBuildFile; fileRef = F3948BEB1B137BB300D149D0 /* UIButton+FridgeBlock.m */; };
		F3948BEF1B137BDB00D149D0 /* UIAlertView+FridgeBlock.m in Sources */ = {isa = PBXBuildFile; fileRef = F3948BEE1B137BDB00D149D0 /* UIAlertView+FridgeBlock.m */; };
		F3948BF11B13857000D149D0 /* Plus.png in Resources */ = {isa = PBXBuildFile; fileRef = F3948BF01B13857000D149D0 /* Plus.png */; };
		F3948BF81B138AC900D149D0 /* UIAlertView+ReminderBlock.m in Sources */ = {isa = PBXBuildFile; fileRef = F3948BF71B138AC900D149D0 /* UIAlertView+ReminderBlock.m */; };
		F3948BFB1B138AE600D149D0 /* UIButton+ReminderBlock.m in Sources */ = {isa = PBXBuildFile; fileRef = F3948BFA1B138AE600D149D0 /* UIButton+ReminderBlock.m */; };
		F3948BFF1B1392DE00D149D0 /* supermarket.png in Resources */ = {isa = PBXBuildFile; fileRef = F3948BFE1B1392DE00D149D0 /* supermarket.png */; };
/* End PBXBuildFile section */

/* Begin PBXContainerItemProxy section */
		357A590A1AFFDF3D0094B0AC /* PBXContainerItemProxy */ = {
			isa = PBXContainerItemProxy;
			containerPortal = 357A58E51AFFDF3C0094B0AC /* Project object */;
			proxyType = 1;
			remoteGlobalIDString = 357A58EC1AFFDF3C0094B0AC;
			remoteInfo = iFridge;
		};
/* End PBXContainerItemProxy section */

/* Begin PBXFileReference section */
		35185A6D1B13719F00D6503A /* search-icon.png */ = {isa = PBXFileReference; lastKnownFileType = image.png; path = "search-icon.png"; sourceTree = "<group>"; };
		35466FB81B08CE9A0016229C /* libPods-VK-ios-sdk.a */ = {isa = PBXFileReference; lastKnownFileType = archive.ar; name = "libPods-VK-ios-sdk.a"; path = "Pods/../build/Debug-iphoneos/libPods-VK-ios-sdk.a"; sourceTree = "<group>"; };
		354670DB1B08E1150016229C /* AddressBook.framework */ = {isa = PBXFileReference; lastKnownFileType = wrapper.framework; name = AddressBook.framework; path = System/Library/Frameworks/AddressBook.framework; sourceTree = SDKROOT; };
		354670DD1B08E11D0016229C /* AssetsLibrary.framework */ = {isa = PBXFileReference; lastKnownFileType = wrapper.framework; name = AssetsLibrary.framework; path = System/Library/Frameworks/AssetsLibrary.framework; sourceTree = SDKROOT; };
		354670DF1B08E1250016229C /* Foundation.framework */ = {isa = PBXFileReference; lastKnownFileType = wrapper.framework; name = Foundation.framework; path = System/Library/Frameworks/Foundation.framework; sourceTree = SDKROOT; };
		354670E11B08E1400016229C /* CoreGraphics.framework */ = {isa = PBXFileReference; lastKnownFileType = wrapper.framework; name = CoreGraphics.framework; path = System/Library/Frameworks/CoreGraphics.framework; sourceTree = SDKROOT; };
		354670E21B08E1400016229C /* CoreLocation.framework */ = {isa = PBXFileReference; lastKnownFileType = wrapper.framework; name = CoreLocation.framework; path = System/Library/Frameworks/CoreLocation.framework; sourceTree = SDKROOT; };
		354670E31B08E1400016229C /* CoreMotion.framework */ = {isa = PBXFileReference; lastKnownFileType = wrapper.framework; name = CoreMotion.framework; path = System/Library/Frameworks/CoreMotion.framework; sourceTree = SDKROOT; };
		354670E41B08E1400016229C /* CoreText.framework */ = {isa = PBXFileReference; lastKnownFileType = wrapper.framework; name = CoreText.framework; path = System/Library/Frameworks/CoreText.framework; sourceTree = SDKROOT; };
		354670E91B08E14C0016229C /* MediaPlayer.framework */ = {isa = PBXFileReference; lastKnownFileType = wrapper.framework; name = MediaPlayer.framework; path = System/Library/Frameworks/MediaPlayer.framework; sourceTree = SDKROOT; };
		354670EB1B08E1510016229C /* Security.framework */ = {isa = PBXFileReference; lastKnownFileType = wrapper.framework; name = Security.framework; path = System/Library/Frameworks/Security.framework; sourceTree = SDKROOT; };
		354670ED1B08E15B0016229C /* SystemConfiguration.framework */ = {isa = PBXFileReference; lastKnownFileType = wrapper.framework; name = SystemConfiguration.framework; path = System/Library/Frameworks/SystemConfiguration.framework; sourceTree = SDKROOT; };
		354670EF1B08E1600016229C /* UIKit.framework */ = {isa = PBXFileReference; lastKnownFileType = wrapper.framework; name = UIKit.framework; path = System/Library/Frameworks/UIKit.framework; sourceTree = SDKROOT; };
		35486D8D1B132BFB00DC51D2 /* QuartzCore.framework */ = {isa = PBXFileReference; lastKnownFileType = wrapper.framework; name = QuartzCore.framework; path = System/Library/Frameworks/QuartzCore.framework; sourceTree = SDKROOT; };
		35486D8F1B132C1300DC51D2 /* anim.jpg */ = {isa = PBXFileReference; lastKnownFileType = image.jpeg; path = anim.jpg; sourceTree = "<group>"; };
		3559BA801B064EB30040DCB6 /* SearchViewController.h */ = {isa = PBXFileReference; fileEncoding = 4; lastKnownFileType = sourcecode.c.h; path = SearchViewController.h; sourceTree = "<group>"; };
		3559BA811B064EB30040DCB6 /* SearchViewController.m */ = {isa = PBXFileReference; fileEncoding = 4; lastKnownFileType = sourcecode.c.objc; path = SearchViewController.m; sourceTree = "<group>"; };
		3559BA841B064F6F0040DCB6 /* OperationFood.png */ = {isa = PBXFileReference; lastKnownFileType = image.png; path = OperationFood.png; sourceTree = "<group>"; };
		3563A6821B174F8E00EFB608 /* image1.jpg */ = {isa = PBXFileReference; lastKnownFileType = image.jpeg; path = image1.jpg; sourceTree = "<group>"; };
		3563A6841B174FC000EFB608 /* 3.png */ = {isa = PBXFileReference; lastKnownFileType = image.png; path = 3.png; sourceTree = "<group>"; };
		3563A6861B174FD500EFB608 /* anim2.png */ = {isa = PBXFileReference; lastKnownFileType = image.png; path = anim2.png; sourceTree = "<group>"; };
		357A58ED1AFFDF3C0094B0AC /* iFridge.app */ = {isa = PBXFileReference; explicitFileType = wrapper.application; includeInIndex = 0; path = iFridge.app; sourceTree = BUILT_PRODUCTS_DIR; };
		357A58F11AFFDF3C0094B0AC /* Info.plist */ = {isa = PBXFileReference; lastKnownFileType = text.plist.xml; path = Info.plist; sourceTree = "<group>"; };
		357A58F21AFFDF3C0094B0AC /* main.m */ = {isa = PBXFileReference; lastKnownFileType = sourcecode.c.objc; path = main.m; sourceTree = "<group>"; };
		357A58F41AFFDF3C0094B0AC /* AppDelegate.h */ = {isa = PBXFileReference; lastKnownFileType = sourcecode.c.h; path = AppDelegate.h; sourceTree = "<group>"; };
		357A58F51AFFDF3C0094B0AC /* AppDelegate.m */ = {isa = PBXFileReference; lastKnownFileType = sourcecode.c.objc; path = AppDelegate.m; sourceTree = "<group>"; };
		357A59001AFFDF3C0094B0AC /* Images.xcassets */ = {isa = PBXFileReference; lastKnownFileType = folder.assetcatalog; path = Images.xcassets; sourceTree = "<group>"; };
		357A59031AFFDF3C0094B0AC /* Base */ = {isa = PBXFileReference; lastKnownFileType = file.xib; name = Base; path = Base.lproj/LaunchScreen.xib; sourceTree = "<group>"; };
		357A59091AFFDF3D0094B0AC /* iFridgeTests.xctest */ = {isa = PBXFileReference; explicitFileType = wrapper.cfbundle; includeInIndex = 0; path = iFridgeTests.xctest; sourceTree = BUILT_PRODUCTS_DIR; };
		357A590E1AFFDF3D0094B0AC /* Info.plist */ = {isa = PBXFileReference; lastKnownFileType = text.plist.xml; path = Info.plist; sourceTree = "<group>"; };
		357A590F1AFFDF3D0094B0AC /* iFridgeTests.m */ = {isa = PBXFileReference; lastKnownFileType = sourcecode.c.objc; path = iFridgeTests.m; sourceTree = "<group>"; };
		3584A22B1B19E00400D21AF8 /* RegExCategories.h */ = {isa = PBXFileReference; fileEncoding = 4; lastKnownFileType = sourcecode.c.h; path = RegExCategories.h; sourceTree = "<group>"; };
		3584A22C1B19E00400D21AF8 /* RegExCategories.m */ = {isa = PBXFileReference; fileEncoding = 4; lastKnownFileType = sourcecode.c.objc; path = RegExCategories.m; sourceTree = "<group>"; };
		3584A22E1B19F99800D21AF8 /* iCarousel.h */ = {isa = PBXFileReference; fileEncoding = 4; lastKnownFileType = sourcecode.c.h; path = iCarousel.h; sourceTree = "<group>"; };
		3584A22F1B19F99800D21AF8 /* iCarousel.m */ = {isa = PBXFileReference; fileEncoding = 4; lastKnownFileType = sourcecode.c.objc; path = iCarousel.m; sourceTree = "<group>"; };
		3584A2331B1A040A00D21AF8 /* FacebookSDK.framework */ = {isa = PBXFileReference; lastKnownFileType = wrapper.framework; path = FacebookSDK.framework; sourceTree = "<group>"; };
		359709651B04E9D3005064C0 /* RecipesTVC.h */ = {isa = PBXFileReference; fileEncoding = 4; lastKnownFileType = sourcecode.c.h; path = RecipesTVC.h; sourceTree = "<group>"; };
		359709661B04E9D3005064C0 /* RecipesTVC.m */ = {isa = PBXFileReference; fileEncoding = 4; lastKnownFileType = sourcecode.c.objc; path = RecipesTVC.m; sourceTree = "<group>"; };
		3597096D1B04FD98005064C0 /* RecipesCell.h */ = {isa = PBXFileReference; fileEncoding = 4; lastKnownFileType = sourcecode.c.h; path = RecipesCell.h; sourceTree = "<group>"; };
		3597096E1B04FD98005064C0 /* RecipesCell.m */ = {isa = PBXFileReference; fileEncoding = 4; lastKnownFileType = sourcecode.c.objc; path = RecipesCell.m; sourceTree = "<group>"; };
		35A487931B023095008F31F3 /* image.jpg */ = {isa = PBXFileReference; lastKnownFileType = image.jpeg; path = image.jpg; sourceTree = "<group>"; };
		35A487941B023095008F31F3 /* note.png */ = {isa = PBXFileReference; lastKnownFileType = image.png; path = note.png; sourceTree = "<group>"; };
		35A487951B023095008F31F3 /* fridge.png */ = {isa = PBXFileReference; lastKnownFileType = image.png; path = fridge.png; sourceTree = "<group>"; };
		35A487961B023095008F31F3 /* fridge2.jpg */ = {isa = PBXFileReference; lastKnownFileType = image.jpeg; path = fridge2.jpg; sourceTree = "<group>"; };
		35A487971B023095008F31F3 /* door.png */ = {isa = PBXFileReference; lastKnownFileType = image.png; path = door.png; sourceTree = "<group>"; };
		35A870491B061CD8006343B5 /* RecipeWithImage.h */ = {isa = PBXFileReference; fileEncoding = 4; lastKnownFileType = sourcecode.c.h; path = RecipeWithImage.h; sourceTree = "<group>"; };
		35A8704A1B061CD8006343B5 /* RecipeWithImage.m */ = {isa = PBXFileReference; fileEncoding = 4; lastKnownFileType = sourcecode.c.objc; path = RecipeWithImage.m; sourceTree = "<group>"; };
		35A9D7061B08F16E005EF9BF /* FBSDKCoreKit.framework */ = {isa = PBXFileReference; lastKnownFileType = wrapper.framework; path = FBSDKCoreKit.framework; sourceTree = "<group>"; };
		35A9D7071B08F16E005EF9BF /* FBSDKLoginKit.framework */ = {isa = PBXFileReference; lastKnownFileType = wrapper.framework; path = FBSDKLoginKit.framework; sourceTree = "<group>"; };
		35A9D7081B08F16F005EF9BF /* FBSDKShareKit.framework */ = {isa = PBXFileReference; lastKnownFileType = wrapper.framework; path = FBSDKShareKit.framework; sourceTree = "<group>"; };
		35A9D70C1B08F1B7005EF9BF /* GoogleOpenSource.framework */ = {isa = PBXFileReference; lastKnownFileType = wrapper.framework; path = GoogleOpenSource.framework; sourceTree = "<group>"; };
		35A9D70D1B08F1B7005EF9BF /* GooglePlus.bundle */ = {isa = PBXFileReference; lastKnownFileType = "wrapper.plug-in"; path = GooglePlus.bundle; sourceTree = "<group>"; };
		35A9D70E1B08F1B7005EF9BF /* GooglePlus.framework */ = {isa = PBXFileReference; lastKnownFileType = wrapper.framework; path = GooglePlus.framework; sourceTree = "<group>"; };
		35AFA3411B1C5FC1006013AC /* PopAnimator.m */ = {isa = PBXFileReference; fileEncoding = 4; lastKnownFileType = sourcecode.c.objc; path = PopAnimator.m; sourceTree = "<group>"; };
		35AFA3421B1C5FC1006013AC /* PushAnimator.m */ = {isa = PBXFileReference; fileEncoding = 4; lastKnownFileType = sourcecode.c.objc; path = PushAnimator.m; sourceTree = "<group>"; };
		35AFA3431B1C5FC1006013AC /* PushAnimator.h */ = {isa = PBXFileReference; fileEncoding = 4; lastKnownFileType = sourcecode.c.h; path = PushAnimator.h; sourceTree = "<group>"; };
		35AFA3441B1C5FC1006013AC /* PopAnimator.h */ = {isa = PBXFileReference; fileEncoding = 4; lastKnownFileType = sourcecode.c.h; path = PopAnimator.h; sourceTree = "<group>"; };
		35AFA3471B1C7254006013AC /* image22.jpg */ = {isa = PBXFileReference; lastKnownFileType = image.jpeg; path = image22.jpg; sourceTree = "<group>"; };
		35AFA3491B1C7279006013AC /* ReminderTableViewController.h */ = {isa = PBXFileReference; fileEncoding = 4; lastKnownFileType = sourcecode.c.h; path = ReminderTableViewController.h; sourceTree = "<group>"; };
		35AFA34A1B1C7279006013AC /* ReminderTableViewController.m */ = {isa = PBXFileReference; fileEncoding = 4; lastKnownFileType = sourcecode.c.objc; path = ReminderTableViewController.m; sourceTree = "<group>"; };
		35AFA34C1B1C728F006013AC /* FridgeTableViewController.m */ = {isa = PBXFileReference; fileEncoding = 4; lastKnownFileType = sourcecode.c.objc; path = FridgeTableViewController.m; sourceTree = "<group>"; };
		35AFA34E1B1C7B1B006013AC /* Martz90-Circle-Google-plus.ico */ = {isa = PBXFileReference; lastKnownFileType = image.ico; path = "Martz90-Circle-Google-plus.ico"; sourceTree = "<group>"; };
		35AFA34F1B1C7B1B006013AC /* download.jpeg */ = {isa = PBXFileReference; lastKnownFileType = image.jpeg; path = download.jpeg; sourceTree = "<group>"; };
		35AFA3501B1C7B1B006013AC /* Vk-icon.png */ = {isa = PBXFileReference; lastKnownFileType = image.png; path = "Vk-icon.png"; sourceTree = "<group>"; };
		35D022E61B1B1258001A3813 /* Facebook_icon.101114329_std.jpg */ = {isa = PBXFileReference; lastKnownFileType = image.jpeg; path = Facebook_icon.101114329_std.jpg; sourceTree = "<group>"; };
		35D022E71B1B1258001A3813 /* gplus-128.png */ = {isa = PBXFileReference; lastKnownFileType = image.png; path = "gplus-128.png"; sourceTree = "<group>"; };
		35D022E81B1B1258001A3813 /* google_plus-128.png */ = {isa = PBXFileReference; lastKnownFileType = image.png; path = "google_plus-128.png"; sourceTree = "<group>"; };
		35D022EC1B1B2C51001A3813 /* social_facebook_box_blue.png */ = {isa = PBXFileReference; lastKnownFileType = image.png; path = social_facebook_box_blue.png; sourceTree = "<group>"; };
		35D022EE1B1B356E001A3813 /* info_information_user_about_card_button_symbol_icon-128.png */ = {isa = PBXFileReference; lastKnownFileType = image.png; path = "info_information_user_about_card_button_symbol_icon-128.png"; sourceTree = "<group>"; };
		7B6D530F70A59FB7713BE0D2 /* Pods.release.xcconfig */ = {isa = PBXFileReference; includeInIndex = 1; lastKnownFileType = text.xcconfig; name = Pods.release.xcconfig; path = "Pods/Target Support Files/Pods/Pods.release.xcconfig"; sourceTree = "<group>"; };
		BFEA48231B13475C008F5BEF /* LoadingView.h */ = {isa = PBXFileReference; fileEncoding = 4; lastKnownFileType = sourcecode.c.h; path = LoadingView.h; sourceTree = "<group>"; };
		BFEA48241B13475C008F5BEF /* LoadingView.m */ = {isa = PBXFileReference; fileEncoding = 4; lastKnownFileType = sourcecode.c.objc; path = LoadingView.m; sourceTree = "<group>"; };
		BFEA48251B13475C008F5BEF /* LoadingView.xib */ = {isa = PBXFileReference; fileEncoding = 4; lastKnownFileType = file.xib; path = LoadingView.xib; sourceTree = "<group>"; };
		BFEA48261B13475C008F5BEF /* UIViewController+LoadingView.h */ = {isa = PBXFileReference; fileEncoding = 4; lastKnownFileType = sourcecode.c.h; path = "UIViewController+LoadingView.h"; sourceTree = "<group>"; };
		BFEA48271B13475C008F5BEF /* UIViewController+LoadingView.m */ = {isa = PBXFileReference; fileEncoding = 4; lastKnownFileType = sourcecode.c.objc; path = "UIViewController+LoadingView.m"; sourceTree = "<group>"; };
		D97245E91B1612D000735EE0 /* DataDownloader.h */ = {isa = PBXFileReference; fileEncoding = 4; lastKnownFileType = sourcecode.c.h; path = DataDownloader.h; sourceTree = "<group>"; };
		D97245EA1B1612D000735EE0 /* DataDownloader.m */ = {isa = PBXFileReference; fileEncoding = 4; lastKnownFileType = sourcecode.c.objc; path = DataDownloader.m; sourceTree = "<group>"; };
		D992EE281B0A339A0093B3F7 /* Fridge.h */ = {isa = PBXFileReference; fileEncoding = 4; lastKnownFileType = sourcecode.c.h; path = Fridge.h; sourceTree = "<group>"; };
		D992EE291B0A339A0093B3F7 /* Fridge.m */ = {isa = PBXFileReference; fileEncoding = 4; lastKnownFileType = sourcecode.c.objc; path = Fridge.m; sourceTree = "<group>"; };
		D992EE2B1B0A339A0093B3F7 /* Ingredient.h */ = {isa = PBXFileReference; fileEncoding = 4; lastKnownFileType = sourcecode.c.h; path = Ingredient.h; sourceTree = "<group>"; };
		D992EE2C1B0A339A0093B3F7 /* Ingredient.m */ = {isa = PBXFileReference; fileEncoding = 4; lastKnownFileType = sourcecode.c.objc; path = Ingredient.m; sourceTree = "<group>"; };
		D992EE311B0A34DA0093B3F7 /* Fridge+Cat.h */ = {isa = PBXFileReference; fileEncoding = 4; lastKnownFileType = sourcecode.c.h; path = "Fridge+Cat.h"; sourceTree = "<group>"; };
		D992EE321B0A34DA0093B3F7 /* Fridge+Cat.m */ = {isa = PBXFileReference; fileEncoding = 4; lastKnownFileType = sourcecode.c.objc; path = "Fridge+Cat.m"; sourceTree = "<group>"; };
		D992EE3A1B0B54090093B3F7 /* UIViewController+Context.h */ = {isa = PBXFileReference; fileEncoding = 4; lastKnownFileType = sourcecode.c.h; path = "UIViewController+Context.h"; sourceTree = "<group>"; };
		D992EE3B1B0B54090093B3F7 /* UIViewController+Context.m */ = {isa = PBXFileReference; fileEncoding = 4; lastKnownFileType = sourcecode.c.objc; path = "UIViewController+Context.m"; sourceTree = "<group>"; };
		D992EE421B0B73090093B3F7 /* Recipe.h */ = {isa = PBXFileReference; fileEncoding = 4; lastKnownFileType = sourcecode.c.h; path = Recipe.h; sourceTree = "<group>"; };
		D992EE431B0B73090093B3F7 /* Recipe.m */ = {isa = PBXFileReference; fileEncoding = 4; lastKnownFileType = sourcecode.c.objc; path = Recipe.m; sourceTree = "<group>"; };
		D992EE461B0B9D220093B3F7 /* iFridge.xcdatamodel */ = {isa = PBXFileReference; lastKnownFileType = wrapper.xcdatamodel; path = iFridge.xcdatamodel; sourceTree = "<group>"; };
		D992EE471B0B9D220093B3F7 /* Ingredient+Cat.h */ = {isa = PBXFileReference; fileEncoding = 4; lastKnownFileType = sourcecode.c.h; name = "Ingredient+Cat.h"; path = "../Ingredient+Cat.h"; sourceTree = "<group>"; };
		D992EE481B0B9D220093B3F7 /* Ingredient+Cat.m */ = {isa = PBXFileReference; fileEncoding = 4; lastKnownFileType = sourcecode.c.objc; name = "Ingredient+Cat.m"; path = "../Ingredient+Cat.m"; sourceTree = "<group>"; };
		D992EE491B0B9D220093B3F7 /* Recipe+Cat.h */ = {isa = PBXFileReference; fileEncoding = 4; lastKnownFileType = sourcecode.c.h; name = "Recipe+Cat.h"; path = "../Recipe+Cat.h"; sourceTree = "<group>"; };
		D992EE4A1B0B9D220093B3F7 /* Recipe+Cat.m */ = {isa = PBXFileReference; fileEncoding = 4; lastKnownFileType = sourcecode.c.objc; name = "Recipe+Cat.m"; path = "../Recipe+Cat.m"; sourceTree = "<group>"; };
		D9E1B2111B162F1A002AD39F /* photo-frame.png */ = {isa = PBXFileReference; lastKnownFileType = image.png; path = "photo-frame.png"; sourceTree = "<group>"; };
		D9E1B2131B172283002AD39F /* Main.storyboard */ = {isa = PBXFileReference; fileEncoding = 4; lastKnownFileType = file.storyboard; path = Main.storyboard; sourceTree = "<group>"; };
		E4825B68449CDFCB0DC868FD /* libPods.a */ = {isa = PBXFileReference; explicitFileType = archive.ar; includeInIndex = 0; path = libPods.a; sourceTree = BUILT_PRODUCTS_DIR; };
		F30B139E1B20607400377269 /* twitter-icon.png */ = {isa = PBXFileReference; lastKnownFileType = image.png; name = "twitter-icon.png"; path = "../../../Desktop/twitter-icon.png"; sourceTree = "<group>"; };
		F30B13A01B2060D900377269 /* icon-aa-twitter.png */ = {isa = PBXFileReference; lastKnownFileType = image.png; name = "icon-aa-twitter.png"; path = "../../../Downloads/icon-aa-twitter.png"; sourceTree = "<group>"; };
		F30B13A21B2060ED00377269 /* icob-aa-face.png */ = {isa = PBXFileReference; lastKnownFileType = image.png; name = "icob-aa-face.png"; path = "../../../Downloads/icob-aa-face.png"; sourceTree = "<group>"; };
		F30B13A31B2060ED00377269 /* icon-aa-vk.png */ = {isa = PBXFileReference; lastKnownFileType = image.png; name = "icon-aa-vk.png"; path = "../../../Downloads/icon-aa-vk.png"; sourceTree = "<group>"; };
		F30B13A41B2060ED00377269 /* icon-aa-googleplus.png */ = {isa = PBXFileReference; lastKnownFileType = image.png; name = "icon-aa-googleplus.png"; path = "../../../Downloads/icon-aa-googleplus.png"; sourceTree = "<group>"; };
		F30B13A51B2060ED00377269 /* About Downloads.lpdf */ = {isa = PBXFileReference; lastKnownFileType = wrapper; name = "About Downloads.lpdf"; path = "../../../Downloads/About Downloads.lpdf"; sourceTree = "<group>"; };
		F32B380B1B1DC4BC00FCC57F /* EventKit.framework */ = {isa = PBXFileReference; lastKnownFileType = wrapper.framework; name = EventKit.framework; path = System/Library/Frameworks/EventKit.framework; sourceTree = SDKROOT; };
		F3948BE71B137AE500D149D0 /* FridgeTableViewController.h */ = {isa = PBXFileReference; fileEncoding = 4; lastKnownFileType = sourcecode.c.h; path = FridgeTableViewController.h; sourceTree = "<group>"; };
		F3948BEA1B137BB300D149D0 /* UIButton+FridgeBlock.h */ = {isa = PBXFileReference; fileEncoding = 4; lastKnownFileType = sourcecode.c.h; path = "UIButton+FridgeBlock.h"; sourceTree = "<group>"; };
		F3948BEB1B137BB300D149D0 /* UIButton+FridgeBlock.m */ = {isa = PBXFileReference; fileEncoding = 4; lastKnownFileType = sourcecode.c.objc; path = "UIButton+FridgeBlock.m"; sourceTree = "<group>"; };
		F3948BED1B137BDB00D149D0 /* UIAlertView+FridgeBlock.h */ = {isa = PBXFileReference; fileEncoding = 4; lastKnownFileType = sourcecode.c.h; path = "UIAlertView+FridgeBlock.h"; sourceTree = "<group>"; };
		F3948BEE1B137BDB00D149D0 /* UIAlertView+FridgeBlock.m */ = {isa = PBXFileReference; fileEncoding = 4; lastKnownFileType = sourcecode.c.objc; path = "UIAlertView+FridgeBlock.m"; sourceTree = "<group>"; };
		F3948BF01B13857000D149D0 /* Plus.png */ = {isa = PBXFileReference; lastKnownFileType = image.png; path = Plus.png; sourceTree = "<group>"; };
		F3948BF61B138AC900D149D0 /* UIAlertView+ReminderBlock.h */ = {isa = PBXFileReference; fileEncoding = 4; lastKnownFileType = sourcecode.c.h; path = "UIAlertView+ReminderBlock.h"; sourceTree = "<group>"; };
		F3948BF71B138AC900D149D0 /* UIAlertView+ReminderBlock.m */ = {isa = PBXFileReference; fileEncoding = 4; lastKnownFileType = sourcecode.c.objc; path = "UIAlertView+ReminderBlock.m"; sourceTree = "<group>"; };
		F3948BF91B138AE600D149D0 /* UIButton+ReminderBlock.h */ = {isa = PBXFileReference; fileEncoding = 4; lastKnownFileType = sourcecode.c.h; path = "UIButton+ReminderBlock.h"; sourceTree = "<group>"; };
		F3948BFA1B138AE600D149D0 /* UIButton+ReminderBlock.m */ = {isa = PBXFileReference; fileEncoding = 4; lastKnownFileType = sourcecode.c.objc; path = "UIButton+ReminderBlock.m"; sourceTree = "<group>"; };
		F3948BFE1B1392DE00D149D0 /* supermarket.png */ = {isa = PBXFileReference; lastKnownFileType = image.png; path = supermarket.png; sourceTree = "<group>"; };
		FF46D8F0A983B94B8040C4CE /* Pods.debug.xcconfig */ = {isa = PBXFileReference; includeInIndex = 1; lastKnownFileType = text.xcconfig; name = Pods.debug.xcconfig; path = "Pods/Target Support Files/Pods/Pods.debug.xcconfig"; sourceTree = "<group>"; };
/* End PBXFileReference section */

/* Begin PBXFrameworksBuildPhase section */
		357A58EA1AFFDF3C0094B0AC /* Frameworks */ = {
			isa = PBXFrameworksBuildPhase;
			buildActionMask = 2147483647;
			files = (
				F32B380C1B1DC4BC00FCC57F /* EventKit.framework in Frameworks */,
				35486D8E1B132BFB00DC51D2 /* QuartzCore.framework in Frameworks */,
				3584A2341B1A040B00D21AF8 /* FacebookSDK.framework in Frameworks */,
				35486D8C1B13249900DC51D2 /* MediaPlayer.framework in Frameworks */,
				35A9D70A1B08F16F005EF9BF /* FBSDKLoginKit.framework in Frameworks */,
				35A9D7091B08F16F005EF9BF /* FBSDKCoreKit.framework in Frameworks */,
				354670F01B08E1600016229C /* UIKit.framework in Frameworks */,
				354670EE1B08E15B0016229C /* SystemConfiguration.framework in Frameworks */,
				354670EC1B08E1510016229C /* Security.framework in Frameworks */,
				354670E51B08E1400016229C /* CoreGraphics.framework in Frameworks */,
				35A9D7111B08F1B7005EF9BF /* GooglePlus.framework in Frameworks */,
				354670E61B08E1400016229C /* CoreLocation.framework in Frameworks */,
				354670E71B08E1400016229C /* CoreMotion.framework in Frameworks */,
				35A9D70B1B08F16F005EF9BF /* FBSDKShareKit.framework in Frameworks */,
				354670E81B08E1400016229C /* CoreText.framework in Frameworks */,
				354670E01B08E1250016229C /* Foundation.framework in Frameworks */,
				354670DE1B08E11D0016229C /* AssetsLibrary.framework in Frameworks */,
				35A9D70F1B08F1B7005EF9BF /* GoogleOpenSource.framework in Frameworks */,
				354670DC1B08E1150016229C /* AddressBook.framework in Frameworks */,
				EF56840EE7AA6C558D3C459C /* libPods.a in Frameworks */,
			);
			runOnlyForDeploymentPostprocessing = 0;
		};
		357A59061AFFDF3D0094B0AC /* Frameworks */ = {
			isa = PBXFrameworksBuildPhase;
			buildActionMask = 2147483647;
			files = (
			);
			runOnlyForDeploymentPostprocessing = 0;
		};
/* End PBXFrameworksBuildPhase section */

/* Begin PBXGroup section */
		2148CB0A076F4DE6CA217E2F /* Frameworks */ = {
			isa = PBXGroup;
			children = (
				F32B380B1B1DC4BC00FCC57F /* EventKit.framework */,
				3584A2331B1A040A00D21AF8 /* FacebookSDK.framework */,
				35486D8D1B132BFB00DC51D2 /* QuartzCore.framework */,
				35A9D70C1B08F1B7005EF9BF /* GoogleOpenSource.framework */,
				35A9D70D1B08F1B7005EF9BF /* GooglePlus.bundle */,
				35A9D70E1B08F1B7005EF9BF /* GooglePlus.framework */,
				35A9D7061B08F16E005EF9BF /* FBSDKCoreKit.framework */,
				35A9D7071B08F16E005EF9BF /* FBSDKLoginKit.framework */,
				35A9D7081B08F16F005EF9BF /* FBSDKShareKit.framework */,
				354670EF1B08E1600016229C /* UIKit.framework */,
				354670ED1B08E15B0016229C /* SystemConfiguration.framework */,
				354670EB1B08E1510016229C /* Security.framework */,
				354670E91B08E14C0016229C /* MediaPlayer.framework */,
				354670E11B08E1400016229C /* CoreGraphics.framework */,
				354670E21B08E1400016229C /* CoreLocation.framework */,
				354670E31B08E1400016229C /* CoreMotion.framework */,
				354670E41B08E1400016229C /* CoreText.framework */,
				354670DF1B08E1250016229C /* Foundation.framework */,
				354670DD1B08E11D0016229C /* AssetsLibrary.framework */,
				354670DB1B08E1150016229C /* AddressBook.framework */,
				35466FB81B08CE9A0016229C /* libPods-VK-ios-sdk.a */,
				E4825B68449CDFCB0DC868FD /* libPods.a */,
			);
			name = Frameworks;
			sourceTree = "<group>";
		};
		353567C31B131CAD00B7E0FD /* Search */ = {
			isa = PBXGroup;
			children = (
				3559BA801B064EB30040DCB6 /* SearchViewController.h */,
				3559BA811B064EB30040DCB6 /* SearchViewController.m */,
			);
			name = Search;
			sourceTree = "<group>";
		};
		353567C41B131CD800B7E0FD /* Recipes */ = {
			isa = PBXGroup;
			children = (
				359709651B04E9D3005064C0 /* RecipesTVC.h */,
				359709661B04E9D3005064C0 /* RecipesTVC.m */,
				3597096D1B04FD98005064C0 /* RecipesCell.h */,
				3597096E1B04FD98005064C0 /* RecipesCell.m */,
			);
			name = Recipes;
			sourceTree = "<group>";
		};
		353567C51B131CE600B7E0FD /* RecipesWithImage */ = {
			isa = PBXGroup;
			children = (
				35A870491B061CD8006343B5 /* RecipeWithImage.h */,
				35A8704A1B061CD8006343B5 /* RecipeWithImage.m */,
			);
			name = RecipesWithImage;
			sourceTree = "<group>";
		};
		357A58E41AFFDF3C0094B0AC = {
			isa = PBXGroup;
			children = (
				D992EE3D1B0B651E0093B3F7 /* Categories */,
				357A58EF1AFFDF3C0094B0AC /* iFridge */,
				357A590C1AFFDF3D0094B0AC /* iFridgeTests */,
				357A58EE1AFFDF3C0094B0AC /* Products */,
				442E7CB6C37756C7E1F2F3D4 /* Pods */,
				2148CB0A076F4DE6CA217E2F /* Frameworks */,
			);
			sourceTree = "<group>";
		};
		357A58EE1AFFDF3C0094B0AC /* Products */ = {
			isa = PBXGroup;
			children = (
				357A58ED1AFFDF3C0094B0AC /* iFridge.app */,
				357A59091AFFDF3D0094B0AC /* iFridgeTests.xctest */,
			);
			name = Products;
			sourceTree = "<group>";
		};
		357A58EF1AFFDF3C0094B0AC /* iFridge */ = {
			isa = PBXGroup;
			children = (
				3584A22E1B19F99800D21AF8 /* iCarousel.h */,
				3584A22F1B19F99800D21AF8 /* iCarousel.m */,
				3584A22B1B19E00400D21AF8 /* RegExCategories.h */,
				3584A22C1B19E00400D21AF8 /* RegExCategories.m */,
				D97245E91B1612D000735EE0 /* DataDownloader.h */,
				D97245EA1B1612D000735EE0 /* DataDownloader.m */,
				BFEA48231B13475C008F5BEF /* LoadingView.h */,
				BFEA48241B13475C008F5BEF /* LoadingView.m */,
				BFEA48261B13475C008F5BEF /* UIViewController+LoadingView.h */,
				BFEA48271B13475C008F5BEF /* UIViewController+LoadingView.m */,
				357A58F41AFFDF3C0094B0AC /* AppDelegate.h */,
				357A58F51AFFDF3C0094B0AC /* AppDelegate.m */,
				D9E1B2131B172283002AD39F /* Main.storyboard */,
				359709681B04E9E4005064C0 /* ViewControllers */,
				359709691B04E9F8005064C0 /* Core Data */,
				357A59001AFFDF3C0094B0AC /* Images.xcassets */,
				357A59021AFFDF3C0094B0AC /* LaunchScreen.xib */,
				BFEA48251B13475C008F5BEF /* LoadingView.xib */,
				357A58F01AFFDF3C0094B0AC /* Supporting Files */,
			);
			path = iFridge;
			sourceTree = "<group>";
		};
		357A58F01AFFDF3C0094B0AC /* Supporting Files */ = {
			isa = PBXGroup;
			children = (
				35D022EE1B1B356E001A3813 /* info_information_user_about_card_button_symbol_icon-128.png */,
				35AFA34E1B1C7B1B006013AC /* Martz90-Circle-Google-plus.ico */,
				35AFA34F1B1C7B1B006013AC /* download.jpeg */,
				35AFA3501B1C7B1B006013AC /* Vk-icon.png */,
				35D022E61B1B1258001A3813 /* Facebook_icon.101114329_std.jpg */,
				35D022E71B1B1258001A3813 /* gplus-128.png */,
				35AFA3471B1C7254006013AC /* image22.jpg */,
				35D022EC1B1B2C51001A3813 /* social_facebook_box_blue.png */,
				35D022E81B1B1258001A3813 /* google_plus-128.png */,
				3563A6841B174FC000EFB608 /* 3.png */,
				3563A6861B174FD500EFB608 /* anim2.png */,
				3563A6821B174F8E00EFB608 /* image1.jpg */,
				F30B139E1B20607400377269 /* twitter-icon.png */,
				35185A6D1B13719F00D6503A /* search-icon.png */,
				35486D8F1B132C1300DC51D2 /* anim.jpg */,
				3559BA841B064F6F0040DCB6 /* OperationFood.png */,
				35A487931B023095008F31F3 /* image.jpg */,
				35A487941B023095008F31F3 /* note.png */,
				35A487951B023095008F31F3 /* fridge.png */,
				F3948BFE1B1392DE00D149D0 /* supermarket.png */,
				F3948BF01B13857000D149D0 /* Plus.png */,
				D9E1B2111B162F1A002AD39F /* photo-frame.png */,
				35A487961B023095008F31F3 /* fridge2.jpg */,
				35A487971B023095008F31F3 /* door.png */,
				F30B13A01B2060D900377269 /* icon-aa-twitter.png */,
				F30B13A21B2060ED00377269 /* icob-aa-face.png */,
				F30B13A31B2060ED00377269 /* icon-aa-vk.png */,
				F30B13A41B2060ED00377269 /* icon-aa-googleplus.png */,
				F30B13A51B2060ED00377269 /* About Downloads.lpdf */,
				357A58F11AFFDF3C0094B0AC /* Info.plist */,
				357A58F21AFFDF3C0094B0AC /* main.m */,
			);
			name = "Supporting Files";
			sourceTree = "<group>";
		};
		357A590C1AFFDF3D0094B0AC /* iFridgeTests */ = {
			isa = PBXGroup;
			children = (
				357A590F1AFFDF3D0094B0AC /* iFridgeTests.m */,
				357A590D1AFFDF3D0094B0AC /* Supporting Files */,
			);
			path = iFridgeTests;
			sourceTree = "<group>";
		};
		357A590D1AFFDF3D0094B0AC /* Supporting Files */ = {
			isa = PBXGroup;
			children = (
				357A590E1AFFDF3D0094B0AC /* Info.plist */,
			);
			name = "Supporting Files";
			sourceTree = "<group>";
		};
		359709681B04E9E4005064C0 /* ViewControllers */ = {
			isa = PBXGroup;
			children = (
				F3948BF21B1389AA00D149D0 /* Reminder */,
				F3948BE61B137A8100D149D0 /* FridgeContents */,
				BF9779911B132F6900DDD1ED /* Animators */,
				353567C31B131CAD00B7E0FD /* Search */,
				353567C41B131CD800B7E0FD /* Recipes */,
				353567C51B131CE600B7E0FD /* RecipesWithImage */,
			);
			name = ViewControllers;
			sourceTree = "<group>";
		};
		359709691B04E9F8005064C0 /* Core Data */ = {
			isa = PBXGroup;
			children = (
				D992EE451B0B9D220093B3F7 /* iFridge.xcdatamodeld */,
				D992EE421B0B73090093B3F7 /* Recipe.h */,
				D992EE431B0B73090093B3F7 /* Recipe.m */,
				D992EE2B1B0A339A0093B3F7 /* Ingredient.h */,
				D992EE2C1B0A339A0093B3F7 /* Ingredient.m */,
				D992EE281B0A339A0093B3F7 /* Fridge.h */,
				D992EE291B0A339A0093B3F7 /* Fridge.m */,
				D992EE3E1B0B6DDC0093B3F7 /* Categories */,
			);
			name = "Core Data";
			sourceTree = "<group>";
		};
		442E7CB6C37756C7E1F2F3D4 /* Pods */ = {
			isa = PBXGroup;
			children = (
				FF46D8F0A983B94B8040C4CE /* Pods.debug.xcconfig */,
				7B6D530F70A59FB7713BE0D2 /* Pods.release.xcconfig */,
			);
			name = Pods;
			sourceTree = "<group>";
		};
		BF9779911B132F6900DDD1ED /* Animators */ = {
			isa = PBXGroup;
			children = (
				35AFA3411B1C5FC1006013AC /* PopAnimator.m */,
				35AFA3421B1C5FC1006013AC /* PushAnimator.m */,
				35AFA3431B1C5FC1006013AC /* PushAnimator.h */,
				35AFA3441B1C5FC1006013AC /* PopAnimator.h */,
			);
			name = Animators;
			sourceTree = "<group>";
		};
		D992EE3D1B0B651E0093B3F7 /* Categories */ = {
			isa = PBXGroup;
			children = (
				D992EE3A1B0B54090093B3F7 /* UIViewController+Context.h */,
				D992EE3B1B0B54090093B3F7 /* UIViewController+Context.m */,
			);
			name = Categories;
			sourceTree = "<group>";
		};
		D992EE3E1B0B6DDC0093B3F7 /* Categories */ = {
			isa = PBXGroup;
			children = (
				D992EE471B0B9D220093B3F7 /* Ingredient+Cat.h */,
				D992EE481B0B9D220093B3F7 /* Ingredient+Cat.m */,
				D992EE491B0B9D220093B3F7 /* Recipe+Cat.h */,
				D992EE4A1B0B9D220093B3F7 /* Recipe+Cat.m */,
				D992EE311B0A34DA0093B3F7 /* Fridge+Cat.h */,
				D992EE321B0A34DA0093B3F7 /* Fridge+Cat.m */,
			);
			name = Categories;
			sourceTree = "<group>";
		};
		F3948BE61B137A8100D149D0 /* FridgeContents */ = {
			isa = PBXGroup;
			children = (
				F3948BE71B137AE500D149D0 /* FridgeTableViewController.h */,
				35AFA34C1B1C728F006013AC /* FridgeTableViewController.m */,
				F3948BEA1B137BB300D149D0 /* UIButton+FridgeBlock.h */,
				F3948BEB1B137BB300D149D0 /* UIButton+FridgeBlock.m */,
				F3948BED1B137BDB00D149D0 /* UIAlertView+FridgeBlock.h */,
				F3948BEE1B137BDB00D149D0 /* UIAlertView+FridgeBlock.m */,
			);
			name = FridgeContents;
			sourceTree = "<group>";
		};
		F3948BF21B1389AA00D149D0 /* Reminder */ = {
			isa = PBXGroup;
			children = (
				35AFA3491B1C7279006013AC /* ReminderTableViewController.h */,
				35AFA34A1B1C7279006013AC /* ReminderTableViewController.m */,
				F3948BF61B138AC900D149D0 /* UIAlertView+ReminderBlock.h */,
				F3948BF71B138AC900D149D0 /* UIAlertView+ReminderBlock.m */,
				F3948BF91B138AE600D149D0 /* UIButton+ReminderBlock.h */,
				F3948BFA1B138AE600D149D0 /* UIButton+ReminderBlock.m */,
			);
			name = Reminder;
			sourceTree = "<group>";
		};
/* End PBXGroup section */

/* Begin PBXNativeTarget section */
		357A58EC1AFFDF3C0094B0AC /* iFridge */ = {
			isa = PBXNativeTarget;
			buildConfigurationList = 357A59131AFFDF3D0094B0AC /* Build configuration list for PBXNativeTarget "iFridge" */;
			buildPhases = (
				DD232F3B89A8F9AC8A42842C /* Check Pods Manifest.lock */,
				357A58E91AFFDF3C0094B0AC /* Sources */,
				357A58EA1AFFDF3C0094B0AC /* Frameworks */,
				357A58EB1AFFDF3C0094B0AC /* Resources */,
				210D39CA76DA40CB48697FF2 /* Copy Pods Resources */,
			);
			buildRules = (
			);
			dependencies = (
			);
			name = iFridge;
			productName = iFridge;
			productReference = 357A58ED1AFFDF3C0094B0AC /* iFridge.app */;
			productType = "com.apple.product-type.application";
		};
		357A59081AFFDF3D0094B0AC /* iFridgeTests */ = {
			isa = PBXNativeTarget;
			buildConfigurationList = 357A59161AFFDF3D0094B0AC /* Build configuration list for PBXNativeTarget "iFridgeTests" */;
			buildPhases = (
				357A59051AFFDF3D0094B0AC /* Sources */,
				357A59061AFFDF3D0094B0AC /* Frameworks */,
				357A59071AFFDF3D0094B0AC /* Resources */,
			);
			buildRules = (
			);
			dependencies = (
				357A590B1AFFDF3D0094B0AC /* PBXTargetDependency */,
			);
			name = iFridgeTests;
			productName = iFridgeTests;
			productReference = 357A59091AFFDF3D0094B0AC /* iFridgeTests.xctest */;
			productType = "com.apple.product-type.bundle.unit-test";
		};
/* End PBXNativeTarget section */

/* Begin PBXProject section */
		357A58E51AFFDF3C0094B0AC /* Project object */ = {
			isa = PBXProject;
			attributes = {
				LastUpgradeCheck = 0610;
				ORGANIZATIONNAME = "Alexey Pelekh";
				TargetAttributes = {
					357A58EC1AFFDF3C0094B0AC = {
						CreatedOnToolsVersion = 6.1.1;
					};
					357A59081AFFDF3D0094B0AC = {
						CreatedOnToolsVersion = 6.1.1;
						TestTargetID = 357A58EC1AFFDF3C0094B0AC;
					};
				};
			};
			buildConfigurationList = 357A58E81AFFDF3C0094B0AC /* Build configuration list for PBXProject "iFridge" */;
			compatibilityVersion = "Xcode 3.2";
			developmentRegion = English;
			hasScannedForEncodings = 0;
			knownRegions = (
				en,
				Base,
			);
			mainGroup = 357A58E41AFFDF3C0094B0AC;
			productRefGroup = 357A58EE1AFFDF3C0094B0AC /* Products */;
			projectDirPath = "";
			projectRoot = "";
			targets = (
				357A58EC1AFFDF3C0094B0AC /* iFridge */,
				357A59081AFFDF3D0094B0AC /* iFridgeTests */,
			);
		};
/* End PBXProject section */

/* Begin PBXResourcesBuildPhase section */
		357A58EB1AFFDF3C0094B0AC /* Resources */ = {
			isa = PBXResourcesBuildPhase;
			buildActionMask = 2147483647;
			files = (
				35A487991B023095008F31F3 /* note.png in Resources */,
				F30B13A71B2060ED00377269 /* icon-aa-vk.png in Resources */,
				3563A6831B174F8E00EFB608 /* image1.jpg in Resources */,
				357A59041AFFDF3C0094B0AC /* LaunchScreen.xib in Resources */,
				3563A6851B174FC000EFB608 /* 3.png in Resources */,
				357A59011AFFDF3C0094B0AC /* Images.xcassets in Resources */,
				35185A6E1B13719F00D6503A /* search-icon.png in Resources */,
				D9E1B2121B162F1A002AD39F /* photo-frame.png in Resources */,
				F3948BFF1B1392DE00D149D0 /* supermarket.png in Resources */,
				3559BA851B064F6F0040DCB6 /* OperationFood.png in Resources */,
				35AFA3531B1C7B1B006013AC /* Vk-icon.png in Resources */,
				35D022EA1B1B1258001A3813 /* gplus-128.png in Resources */,
				35A4879A1B023095008F31F3 /* fridge.png in Resources */,
				35D022E91B1B1258001A3813 /* Facebook_icon.101114329_std.jpg in Resources */,
				35A9D7101B08F1B7005EF9BF /* GooglePlus.bundle in Resources */,
				35A487981B023095008F31F3 /* image.jpg in Resources */,
				F30B13A11B2060D900377269 /* icon-aa-twitter.png in Resources */,
				F3948BF11B13857000D149D0 /* Plus.png in Resources */,
				D9E1B2141B172283002AD39F /* Main.storyboard in Resources */,
				35D022EF1B1B356E001A3813 /* info_information_user_about_card_button_symbol_icon-128.png in Resources */,
				35D022EB1B1B1258001A3813 /* google_plus-128.png in Resources */,
				3563A6871B174FD500EFB608 /* anim2.png in Resources */,
				35D022ED1B1B2C51001A3813 /* social_facebook_box_blue.png in Resources */,
				35A4879B1B023095008F31F3 /* fridge2.jpg in Resources */,
				BFEA48291B13475C008F5BEF /* LoadingView.xib in Resources */,
				35AFA3511B1C7B1B006013AC /* Martz90-Circle-Google-plus.ico in Resources */,
				35AFA3521B1C7B1B006013AC /* download.jpeg in Resources */,
				F30B13A81B2060ED00377269 /* icon-aa-googleplus.png in Resources */,
				F30B13A91B2060ED00377269 /* About Downloads.lpdf in Resources */,
				35486D901B132C1300DC51D2 /* anim.jpg in Resources */,
				F30B13A61B2060ED00377269 /* icob-aa-face.png in Resources */,
				35A4879C1B023095008F31F3 /* door.png in Resources */,
				F30B139F1B20607400377269 /* twitter-icon.png in Resources */,
				35AFA3481B1C7254006013AC /* image22.jpg in Resources */,
			);
			runOnlyForDeploymentPostprocessing = 0;
		};
		357A59071AFFDF3D0094B0AC /* Resources */ = {
			isa = PBXResourcesBuildPhase;
			buildActionMask = 2147483647;
			files = (
			);
			runOnlyForDeploymentPostprocessing = 0;
		};
/* End PBXResourcesBuildPhase section */

/* Begin PBXShellScriptBuildPhase section */
		210D39CA76DA40CB48697FF2 /* Copy Pods Resources */ = {
			isa = PBXShellScriptBuildPhase;
			buildActionMask = 2147483647;
			files = (
			);
			inputPaths = (
			);
			name = "Copy Pods Resources";
			outputPaths = (
			);
			runOnlyForDeploymentPostprocessing = 0;
			shellPath = /bin/sh;
			shellScript = "\"${SRCROOT}/Pods/Target Support Files/Pods/Pods-resources.sh\"\n";
			showEnvVarsInLog = 0;
		};
		DD232F3B89A8F9AC8A42842C /* Check Pods Manifest.lock */ = {
			isa = PBXShellScriptBuildPhase;
			buildActionMask = 2147483647;
			files = (
			);
			inputPaths = (
			);
			name = "Check Pods Manifest.lock";
			outputPaths = (
			);
			runOnlyForDeploymentPostprocessing = 0;
			shellPath = /bin/sh;
			shellScript = "diff \"${PODS_ROOT}/../Podfile.lock\" \"${PODS_ROOT}/Manifest.lock\" > /dev/null\nif [[ $? != 0 ]] ; then\n    cat << EOM\nerror: The sandbox is not in sync with the Podfile.lock. Run 'pod install' or update your CocoaPods installation.\nEOM\n    exit 1\nfi\n";
			showEnvVarsInLog = 0;
		};
/* End PBXShellScriptBuildPhase section */

/* Begin PBXSourcesBuildPhase section */
		357A58E91AFFDF3C0094B0AC /* Sources */ = {
			isa = PBXSourcesBuildPhase;
			buildActionMask = 2147483647;
			files = (
				35A8704B1B061CD8006343B5 /* RecipeWithImage.m in Sources */,
				35AFA3461B1C5FC1006013AC /* PushAnimator.m in Sources */,
				BFEA48281B13475C008F5BEF /* LoadingView.m in Sources */,
				BFEA482A1B13475C008F5BEF /* UIViewController+LoadingView.m in Sources */,
				3584A2301B19F99800D21AF8 /* iCarousel.m in Sources */,
				D992EE441B0B73090093B3F7 /* Recipe.m in Sources */,
				D992EE2D1B0A339A0093B3F7 /* Ingredient.m in Sources */,
				D992EE3C1B0B54090093B3F7 /* UIViewController+Context.m in Sources */,
				35AFA34D1B1C728F006013AC /* FridgeTableViewController.m in Sources */,
				357A58F61AFFDF3C0094B0AC /* AppDelegate.m in Sources */,
				D992EE4D1B0B9D220093B3F7 /* iFridge.xcdatamodeld in Sources */,
				F3948BFB1B138AE600D149D0 /* UIButton+ReminderBlock.m in Sources */,
				35AFA34B1B1C7279006013AC /* ReminderTableViewController.m in Sources */,
				D992EE2A1B0A339A0093B3F7 /* Fridge.m in Sources */,
				D992EE4F1B0B9D220093B3F7 /* Recipe+Cat.m in Sources */,
				3597096F1B04FD98005064C0 /* RecipesCell.m in Sources */,
				D992EE4E1B0B9D220093B3F7 /* Ingredient+Cat.m in Sources */,
				F3948BEF1B137BDB00D149D0 /* UIAlertView+FridgeBlock.m in Sources */,
				D992EE331B0A34DA0093B3F7 /* Fridge+Cat.m in Sources */,
				F3948BEC1B137BB300D149D0 /* UIButton+FridgeBlock.m in Sources */,
				359709671B04E9D3005064C0 /* RecipesTVC.m in Sources */,
				357A58F31AFFDF3C0094B0AC /* main.m in Sources */,
				3584A22D1B19E00400D21AF8 /* RegExCategories.m in Sources */,
				3559BA821B064EB30040DCB6 /* SearchViewController.m in Sources */,
				D97245EB1B1612D000735EE0 /* DataDownloader.m in Sources */,
				35AFA3451B1C5FC1006013AC /* PopAnimator.m in Sources */,
				F3948BF81B138AC900D149D0 /* UIAlertView+ReminderBlock.m in Sources */,
			);
			runOnlyForDeploymentPostprocessing = 0;
		};
		357A59051AFFDF3D0094B0AC /* Sources */ = {
			isa = PBXSourcesBuildPhase;
			buildActionMask = 2147483647;
			files = (
				357A59101AFFDF3D0094B0AC /* iFridgeTests.m in Sources */,
			);
			runOnlyForDeploymentPostprocessing = 0;
		};
/* End PBXSourcesBuildPhase section */

/* Begin PBXTargetDependency section */
		357A590B1AFFDF3D0094B0AC /* PBXTargetDependency */ = {
			isa = PBXTargetDependency;
			target = 357A58EC1AFFDF3C0094B0AC /* iFridge */;
			targetProxy = 357A590A1AFFDF3D0094B0AC /* PBXContainerItemProxy */;
		};
/* End PBXTargetDependency section */

/* Begin PBXVariantGroup section */
		357A59021AFFDF3C0094B0AC /* LaunchScreen.xib */ = {
			isa = PBXVariantGroup;
			children = (
				357A59031AFFDF3C0094B0AC /* Base */,
			);
			name = LaunchScreen.xib;
			sourceTree = "<group>";
		};
/* End PBXVariantGroup section */

/* Begin XCBuildConfiguration section */
		357A59111AFFDF3D0094B0AC /* Debug */ = {
			isa = XCBuildConfiguration;
			buildSettings = {
				ALWAYS_SEARCH_USER_PATHS = NO;
				CLANG_CXX_LANGUAGE_STANDARD = "gnu++0x";
				CLANG_CXX_LIBRARY = "libc++";
				CLANG_ENABLE_MODULES = YES;
				CLANG_ENABLE_OBJC_ARC = YES;
				CLANG_WARN_BOOL_CONVERSION = YES;
				CLANG_WARN_CONSTANT_CONVERSION = YES;
				CLANG_WARN_DIRECT_OBJC_ISA_USAGE = YES_ERROR;
				CLANG_WARN_EMPTY_BODY = YES;
				CLANG_WARN_ENUM_CONVERSION = YES;
				CLANG_WARN_INT_CONVERSION = YES;
				CLANG_WARN_OBJC_ROOT_CLASS = YES_ERROR;
				CLANG_WARN_UNREACHABLE_CODE = YES;
				CLANG_WARN__DUPLICATE_METHOD_MATCH = YES;
				"CODE_SIGN_IDENTITY[sdk=iphoneos*]" = "iPhone Developer";
				COPY_PHASE_STRIP = NO;
				ENABLE_STRICT_OBJC_MSGSEND = YES;
				GCC_C_LANGUAGE_STANDARD = gnu99;
				GCC_DYNAMIC_NO_PIC = NO;
				GCC_OPTIMIZATION_LEVEL = 0;
				GCC_PREPROCESSOR_DEFINITIONS = (
					"DEBUG=1",
					"$(inherited)",
				);
				GCC_SYMBOLS_PRIVATE_EXTERN = NO;
				GCC_WARN_64_TO_32_BIT_CONVERSION = YES;
				GCC_WARN_ABOUT_RETURN_TYPE = YES_ERROR;
				GCC_WARN_UNDECLARED_SELECTOR = YES;
				GCC_WARN_UNINITIALIZED_AUTOS = YES_AGGRESSIVE;
				GCC_WARN_UNUSED_FUNCTION = YES;
				GCC_WARN_UNUSED_VARIABLE = YES;
				IPHONEOS_DEPLOYMENT_TARGET = 8.1;
				MTL_ENABLE_DEBUG_INFO = YES;
				ONLY_ACTIVE_ARCH = YES;
				SDKROOT = iphoneos;
			};
			name = Debug;
		};
		357A59121AFFDF3D0094B0AC /* Release */ = {
			isa = XCBuildConfiguration;
			buildSettings = {
				ALWAYS_SEARCH_USER_PATHS = NO;
				CLANG_CXX_LANGUAGE_STANDARD = "gnu++0x";
				CLANG_CXX_LIBRARY = "libc++";
				CLANG_ENABLE_MODULES = YES;
				CLANG_ENABLE_OBJC_ARC = YES;
				CLANG_WARN_BOOL_CONVERSION = YES;
				CLANG_WARN_CONSTANT_CONVERSION = YES;
				CLANG_WARN_DIRECT_OBJC_ISA_USAGE = YES_ERROR;
				CLANG_WARN_EMPTY_BODY = YES;
				CLANG_WARN_ENUM_CONVERSION = YES;
				CLANG_WARN_INT_CONVERSION = YES;
				CLANG_WARN_OBJC_ROOT_CLASS = YES_ERROR;
				CLANG_WARN_UNREACHABLE_CODE = YES;
				CLANG_WARN__DUPLICATE_METHOD_MATCH = YES;
				"CODE_SIGN_IDENTITY[sdk=iphoneos*]" = "iPhone Developer";
				COPY_PHASE_STRIP = YES;
				ENABLE_NS_ASSERTIONS = NO;
				ENABLE_STRICT_OBJC_MSGSEND = YES;
				GCC_C_LANGUAGE_STANDARD = gnu99;
				GCC_WARN_64_TO_32_BIT_CONVERSION = YES;
				GCC_WARN_ABOUT_RETURN_TYPE = YES_ERROR;
				GCC_WARN_UNDECLARED_SELECTOR = YES;
				GCC_WARN_UNINITIALIZED_AUTOS = YES_AGGRESSIVE;
				GCC_WARN_UNUSED_FUNCTION = YES;
				GCC_WARN_UNUSED_VARIABLE = YES;
				IPHONEOS_DEPLOYMENT_TARGET = 8.1;
				MTL_ENABLE_DEBUG_INFO = NO;
				SDKROOT = iphoneos;
				VALIDATE_PRODUCT = YES;
			};
			name = Release;
		};
		357A59141AFFDF3D0094B0AC /* Debug */ = {
			isa = XCBuildConfiguration;
			baseConfigurationReference = FF46D8F0A983B94B8040C4CE /* Pods.debug.xcconfig */;
			buildSettings = {
				ASSETCATALOG_COMPILER_APPICON_NAME = AppIcon;
				FRAMEWORK_SEARCH_PATHS = (
					"$(inherited)",
					/Users/alexey.pelekh/Documents/FacebookSDK,
					"/Users/alexey.pelekh/Downloads/google-plus-ios-sdk-1.7.1",
					"$(PROJECT_DIR)",
				);
				INFOPLIST_FILE = iFridge/Info.plist;
				LD_RUNPATH_SEARCH_PATHS = "$(inherited) @executable_path/Frameworks";
				LIBRARY_SEARCH_PATHS = (
					"$(inherited)",
					"$(PROJECT_DIR)/build/Debug-iphoneos",
				);
				PRODUCT_NAME = "$(TARGET_NAME)";
			};
			name = Debug;
		};
		357A59151AFFDF3D0094B0AC /* Release */ = {
			isa = XCBuildConfiguration;
			baseConfigurationReference = 7B6D530F70A59FB7713BE0D2 /* Pods.release.xcconfig */;
			buildSettings = {
				ASSETCATALOG_COMPILER_APPICON_NAME = AppIcon;
				FRAMEWORK_SEARCH_PATHS = (
					"$(inherited)",
					/Users/alexey.pelekh/Documents/FacebookSDK,
					"/Users/alexey.pelekh/Downloads/google-plus-ios-sdk-1.7.1",
					"$(PROJECT_DIR)",
				);
				INFOPLIST_FILE = iFridge/Info.plist;
				LD_RUNPATH_SEARCH_PATHS = "$(inherited) @executable_path/Frameworks";
				LIBRARY_SEARCH_PATHS = (
					"$(inherited)",
					"$(PROJECT_DIR)/build/Debug-iphoneos",
				);
				PRODUCT_NAME = "$(TARGET_NAME)";
			};
			name = Release;
		};
		357A59171AFFDF3D0094B0AC /* Debug */ = {
			isa = XCBuildConfiguration;
			buildSettings = {
				BUNDLE_LOADER = "$(TEST_HOST)";
				FRAMEWORK_SEARCH_PATHS = (
					"$(SDKROOT)/Developer/Library/Frameworks",
					"$(inherited)",
				);
				GCC_PREPROCESSOR_DEFINITIONS = (
					"DEBUG=1",
					"$(inherited)",
				);
				INFOPLIST_FILE = iFridgeTests/Info.plist;
				LD_RUNPATH_SEARCH_PATHS = "$(inherited) @executable_path/Frameworks @loader_path/Frameworks";
				PRODUCT_NAME = "$(TARGET_NAME)";
				TEST_HOST = "$(BUILT_PRODUCTS_DIR)/iFridge.app/iFridge";
			};
			name = Debug;
		};
		357A59181AFFDF3D0094B0AC /* Release */ = {
			isa = XCBuildConfiguration;
			buildSettings = {
				BUNDLE_LOADER = "$(TEST_HOST)";
				FRAMEWORK_SEARCH_PATHS = (
					"$(SDKROOT)/Developer/Library/Frameworks",
					"$(inherited)",
				);
				INFOPLIST_FILE = iFridgeTests/Info.plist;
				LD_RUNPATH_SEARCH_PATHS = "$(inherited) @executable_path/Frameworks @loader_path/Frameworks";
				PRODUCT_NAME = "$(TARGET_NAME)";
				TEST_HOST = "$(BUILT_PRODUCTS_DIR)/iFridge.app/iFridge";
			};
			name = Release;
		};
/* End XCBuildConfiguration section */

/* Begin XCConfigurationList section */
		357A58E81AFFDF3C0094B0AC /* Build configuration list for PBXProject "iFridge" */ = {
			isa = XCConfigurationList;
			buildConfigurations = (
				357A59111AFFDF3D0094B0AC /* Debug */,
				357A59121AFFDF3D0094B0AC /* Release */,
			);
			defaultConfigurationIsVisible = 0;
			defaultConfigurationName = Release;
		};
		357A59131AFFDF3D0094B0AC /* Build configuration list for PBXNativeTarget "iFridge" */ = {
			isa = XCConfigurationList;
			buildConfigurations = (
				357A59141AFFDF3D0094B0AC /* Debug */,
				357A59151AFFDF3D0094B0AC /* Release */,
			);
			defaultConfigurationIsVisible = 0;
			defaultConfigurationName = Release;
		};
		357A59161AFFDF3D0094B0AC /* Build configuration list for PBXNativeTarget "iFridgeTests" */ = {
			isa = XCConfigurationList;
			buildConfigurations = (
				357A59171AFFDF3D0094B0AC /* Debug */,
				357A59181AFFDF3D0094B0AC /* Release */,
			);
			defaultConfigurationIsVisible = 0;
			defaultConfigurationName = Release;
		};
/* End XCConfigurationList section */

/* Begin XCVersionGroup section */
		D992EE451B0B9D220093B3F7 /* iFridge.xcdatamodeld */ = {
			isa = XCVersionGroup;
			children = (
				D992EE461B0B9D220093B3F7 /* iFridge.xcdatamodel */,
			);
			currentVersion = D992EE461B0B9D220093B3F7 /* iFridge.xcdatamodel */;
			path = iFridge.xcdatamodeld;
			sourceTree = SOURCE_ROOT;
			versionGroupType = wrapper.xcdatamodel;
		};
/* End XCVersionGroup section */
	};
	rootObject = 357A58E51AFFDF3C0094B0AC /* Project object */;
}
